version = 1
revision = 3
requires-python = ">=3.12"

[[package]]
name = "pigpio"
version = "1.78"
source = { registry = "https://pypi.org/simple" }
sdist = { url = "https://files.pythonhosted.org/packages/a9/4a/3ebdfd90906553fb5420e80a475eb52f0809f2a29b547ba3b260db0cbc8f/pigpio-1.78.tar.gz", hash = "sha256:91efa50e4990649da97408a384782d6ccf58342fc59cdfe21ed7a42911569975", size = 40738, upload-time = "2020-09-29T23:55:12.61Z" }
wheels = [
    { url = "https://files.pythonhosted.org/packages/82/a0/991ac7f96f83936c15f4b26b51d1fdba63e7bc9866411bfda022b649c2a7/pigpio-1.78-py2.py3-none-any.whl", hash = "sha256:81e46f640c4e6342881fa9bbe290dbcd4fc179619dc6591e57a9d4a084dc49fa", size = 39622, upload-time = "2020-09-29T23:55:11.013Z" },
]

[[package]]
name = "proyectofinal"
version = "0.1.0"
source = { virtual = "." }
dependencies = [
    { name = "pigpio" },
]

[package.metadata]
requires-dist = [{ name = "pigpio", specifier = ">=1.78" }]
